
Microsoft Visual Studio Solution File, Format Version 12.00
# Visual Studio Version 17
VisualStudioVersion = 17.12.35527.113
MinimumVisualStudioVersion = 10.0.40219.1
Project("{8BC9CEB8-8B4A-11D0-8D11-00A0C91BC942}") = "Section_1_Essential_concepts", "Data Structures & Algorithms.vcxproj", "{18840897-3088-4B26-90DA-08A9EAB175BE}"
EndProject
Project("{8BC9CEB8-8B4A-11D0-8D11-00A0C91BC942}") = "Recursion", "Recursion\Recursion.vcxproj", "{FD2F776F-816D-4C4D-B567-D233087127C6}"
EndProject
Project("{8BC9CEB8-8B4A-11D0-8D11-00A0C91BC942}") = "Arrays_Representations", "Arrays Representations\Arrays Representations.vcxproj", "{43BDD909-B526-4AB9-AF69-27C722401BF7}"
EndProject
Project("{8BC9CEB8-8B4A-11D0-8D11-00A0C91BC942}") = "String", "String\String.vcxproj", "{53907C09-7D9F-40EF-BA29-319ECEFF14FD}"
EndProject
Project("{8BC9CEB8-8B4A-11D0-8D11-00A0C91BC942}") = "Linked_List", "Linked_List\Linked_List.vcxproj", "{01079E74-97CC-41C1-9898-9671BEF28F7D}"
EndProject
Project("{8BC9CEB8-8B4A-11D0-8D11-00A0C91BC942}") = "Stack", "Stack\Stack.vcxproj", "{75BF52BC-5998-4CF2-9201-41A4C418BE12}"
EndProject
Project("{8BC9CEB8-8B4A-11D0-8D11-00A0C91BC942}") = "Queue", "Queue\Queue.vcxproj", "{F6F13884-D275-4D58-94F3-FC37398ECBF2}"
EndProject
Project("{8BC9CEB8-8B4A-11D0-8D11-00A0C91BC942}") = "Tree", "Tree\Tree.vcxproj", "{7E8B11A5-1665-45F1-983A-511969CF5B6F}"
EndProject
Project("{8BC9CEB8-8B4A-11D0-8D11-00A0C91BC942}") = "heap", "heap\heap.vcxproj", "{7AA4A4C1-B052-45CE-9608-BFC1F3877C04}"
EndProject
Project("{8BC9CEB8-8B4A-11D0-8D11-00A0C91BC942}") = "Sorting_Techniques", "Sorting.Techniques\Sorting.Techniques.vcxproj", "{62DC0929-F3C2-427C-86C0-726E21ACEC9A}"
EndProject
Project("{8BC9CEB8-8B4A-11D0-8D11-00A0C91BC942}") = "Hashing_Technique", "Hashing_Technique\Hashing_Technique.vcxproj", "{E87C2CB3-4E83-4470-8B70-6F16F4D6FA81}"
EndProject
Project("{8BC9CEB8-8B4A-11D0-8D11-00A0C91BC942}") = "Graphs", "Graphs\Graphs.vcxproj", "{F106AB65-71D3-476A-A7A8-FC09288CB312}"
EndProject
Global
	GlobalSection(SolutionConfigurationPlatforms) = preSolution
		Debug|x64 = Debug|x64
		Debug|x86 = Debug|x86
		Release|x64 = Release|x64
		Release|x86 = Release|x86
	EndGlobalSection
	GlobalSection(ProjectConfigurationPlatforms) = postSolution
		{18840897-3088-4B26-90DA-08A9EAB175BE}.Debug|x64.ActiveCfg = Debug|x64
		{18840897-3088-4B26-90DA-08A9EAB175BE}.Debug|x64.Build.0 = Debug|x64
		{18840897-3088-4B26-90DA-08A9EAB175BE}.Debug|x86.ActiveCfg = Debug|Win32
		{18840897-3088-4B26-90DA-08A9EAB175BE}.Debug|x86.Build.0 = Debug|Win32
		{18840897-3088-4B26-90DA-08A9EAB175BE}.Release|x64.ActiveCfg = Release|x64
		{18840897-3088-4B26-90DA-08A9EAB175BE}.Release|x64.Build.0 = Release|x64
		{18840897-3088-4B26-90DA-08A9EAB175BE}.Release|x86.ActiveCfg = Release|Win32
		{18840897-3088-4B26-90DA-08A9EAB175BE}.Release|x86.Build.0 = Release|Win32
		{FD2F776F-816D-4C4D-B567-D233087127C6}.Debug|x64.ActiveCfg = Debug|x64
		{FD2F776F-816D-4C4D-B567-D233087127C6}.Debug|x64.Build.0 = Debug|x64
		{FD2F776F-816D-4C4D-B567-D233087127C6}.Debug|x86.ActiveCfg = Debug|Win32
		{FD2F776F-816D-4C4D-B567-D233087127C6}.Debug|x86.Build.0 = Debug|Win32
		{FD2F776F-816D-4C4D-B567-D233087127C6}.Release|x64.ActiveCfg = Release|x64
		{FD2F776F-816D-4C4D-B567-D233087127C6}.Release|x64.Build.0 = Release|x64
		{FD2F776F-816D-4C4D-B567-D233087127C6}.Release|x86.ActiveCfg = Release|Win32
		{FD2F776F-816D-4C4D-B567-D233087127C6}.Release|x86.Build.0 = Release|Win32
		{43BDD909-B526-4AB9-AF69-27C722401BF7}.Debug|x64.ActiveCfg = Debug|x64
		{43BDD909-B526-4AB9-AF69-27C722401BF7}.Debug|x64.Build.0 = Debug|x64
		{43BDD909-B526-4AB9-AF69-27C722401BF7}.Debug|x86.ActiveCfg = Debug|Win32
		{43BDD909-B526-4AB9-AF69-27C722401BF7}.Debug|x86.Build.0 = Debug|Win32
		{43BDD909-B526-4AB9-AF69-27C722401BF7}.Release|x64.ActiveCfg = Release|x64
		{43BDD909-B526-4AB9-AF69-27C722401BF7}.Release|x64.Build.0 = Release|x64
		{43BDD909-B526-4AB9-AF69-27C722401BF7}.Release|x86.ActiveCfg = Release|Win32
		{43BDD909-B526-4AB9-AF69-27C722401BF7}.Release|x86.Build.0 = Release|Win32
		{53907C09-7D9F-40EF-BA29-319ECEFF14FD}.Debug|x64.ActiveCfg = Debug|x64
		{53907C09-7D9F-40EF-BA29-319ECEFF14FD}.Debug|x64.Build.0 = Debug|x64
		{53907C09-7D9F-40EF-BA29-319ECEFF14FD}.Debug|x86.ActiveCfg = Debug|Win32
		{53907C09-7D9F-40EF-BA29-319ECEFF14FD}.Debug|x86.Build.0 = Debug|Win32
		{53907C09-7D9F-40EF-BA29-319ECEFF14FD}.Release|x64.ActiveCfg = Release|x64
		{53907C09-7D9F-40EF-BA29-319ECEFF14FD}.Release|x64.Build.0 = Release|x64
		{53907C09-7D9F-40EF-BA29-319ECEFF14FD}.Release|x86.ActiveCfg = Release|Win32
		{53907C09-7D9F-40EF-BA29-319ECEFF14FD}.Release|x86.Build.0 = Release|Win32
		{01079E74-97CC-41C1-9898-9671BEF28F7D}.Debug|x64.ActiveCfg = Debug|x64
		{01079E74-97CC-41C1-9898-9671BEF28F7D}.Debug|x64.Build.0 = Debug|x64
		{01079E74-97CC-41C1-9898-9671BEF28F7D}.Debug|x86.ActiveCfg = Debug|Win32
		{01079E74-97CC-41C1-9898-9671BEF28F7D}.Debug|x86.Build.0 = Debug|Win32
		{01079E74-97CC-41C1-9898-9671BEF28F7D}.Release|x64.ActiveCfg = Release|x64
		{01079E74-97CC-41C1-9898-9671BEF28F7D}.Release|x64.Build.0 = Release|x64
		{01079E74-97CC-41C1-9898-9671BEF28F7D}.Release|x86.ActiveCfg = Release|Win32
		{01079E74-97CC-41C1-9898-9671BEF28F7D}.Release|x86.Build.0 = Release|Win32
		{75BF52BC-5998-4CF2-9201-41A4C418BE12}.Debug|x64.ActiveCfg = Debug|x64
		{75BF52BC-5998-4CF2-9201-41A4C418BE12}.Debug|x64.Build.0 = Debug|x64
		{75BF52BC-5998-4CF2-9201-41A4C418BE12}.Debug|x86.ActiveCfg = Debug|Win32
		{75BF52BC-5998-4CF2-9201-41A4C418BE12}.Debug|x86.Build.0 = Debug|Win32
		{75BF52BC-5998-4CF2-9201-41A4C418BE12}.Release|x64.ActiveCfg = Release|x64
		{75BF52BC-5998-4CF2-9201-41A4C418BE12}.Release|x64.Build.0 = Release|x64
		{75BF52BC-5998-4CF2-9201-41A4C418BE12}.Release|x86.ActiveCfg = Release|Win32
		{75BF52BC-5998-4CF2-9201-41A4C418BE12}.Release|x86.Build.0 = Release|Win32
		{F6F13884-D275-4D58-94F3-FC37398ECBF2}.Debug|x64.ActiveCfg = Debug|x64
		{F6F13884-D275-4D58-94F3-FC37398ECBF2}.Debug|x64.Build.0 = Debug|x64
		{F6F13884-D275-4D58-94F3-FC37398ECBF2}.Debug|x86.ActiveCfg = Debug|Win32
		{F6F13884-D275-4D58-94F3-FC37398ECBF2}.Debug|x86.Build.0 = Debug|Win32
		{F6F13884-D275-4D58-94F3-FC37398ECBF2}.Release|x64.ActiveCfg = Release|x64
		{F6F13884-D275-4D58-94F3-FC37398ECBF2}.Release|x64.Build.0 = Release|x64
		{F6F13884-D275-4D58-94F3-FC37398ECBF2}.Release|x86.ActiveCfg = Release|Win32
		{F6F13884-D275-4D58-94F3-FC37398ECBF2}.Release|x86.Build.0 = Release|Win32
		{7E8B11A5-1665-45F1-983A-511969CF5B6F}.Debug|x64.ActiveCfg = Debug|x64
		{7E8B11A5-1665-45F1-983A-511969CF5B6F}.Debug|x64.Build.0 = Debug|x64
		{7E8B11A5-1665-45F1-983A-511969CF5B6F}.Debug|x86.ActiveCfg = Debug|Win32
		{7E8B11A5-1665-45F1-983A-511969CF5B6F}.Debug|x86.Build.0 = Debug|Win32
		{7E8B11A5-1665-45F1-983A-511969CF5B6F}.Release|x64.ActiveCfg = Release|x64
		{7E8B11A5-1665-45F1-983A-511969CF5B6F}.Release|x64.Build.0 = Release|x64
		{7E8B11A5-1665-45F1-983A-511969CF5B6F}.Release|x86.ActiveCfg = Release|Win32
		{7E8B11A5-1665-45F1-983A-511969CF5B6F}.Release|x86.Build.0 = Release|Win32
		{7AA4A4C1-B052-45CE-9608-BFC1F3877C04}.Debug|x64.ActiveCfg = Debug|x64
		{7AA4A4C1-B052-45CE-9608-BFC1F3877C04}.Debug|x64.Build.0 = Debug|x64
		{7AA4A4C1-B052-45CE-9608-BFC1F3877C04}.Debug|x86.ActiveCfg = Debug|Win32
		{7AA4A4C1-B052-45CE-9608-BFC1F3877C04}.Debug|x86.Build.0 = Debug|Win32
		{7AA4A4C1-B052-45CE-9608-BFC1F3877C04}.Release|x64.ActiveCfg = Release|x64
		{7AA4A4C1-B052-45CE-9608-BFC1F3877C04}.Release|x64.Build.0 = Release|x64
		{7AA4A4C1-B052-45CE-9608-BFC1F3877C04}.Release|x86.ActiveCfg = Release|Win32
		{7AA4A4C1-B052-45CE-9608-BFC1F3877C04}.Release|x86.Build.0 = Release|Win32
		{62DC0929-F3C2-427C-86C0-726E21ACEC9A}.Debug|x64.ActiveCfg = Debug|x64
		{62DC0929-F3C2-427C-86C0-726E21ACEC9A}.Debug|x64.Build.0 = Debug|x64
		{62DC0929-F3C2-427C-86C0-726E21ACEC9A}.Debug|x86.ActiveCfg = Debug|Win32
		{62DC0929-F3C2-427C-86C0-726E21ACEC9A}.Debug|x86.Build.0 = Debug|Win32
		{62DC0929-F3C2-427C-86C0-726E21ACEC9A}.Release|x64.ActiveCfg = Release|x64
		{62DC0929-F3C2-427C-86C0-726E21ACEC9A}.Release|x64.Build.0 = Release|x64
		{62DC0929-F3C2-427C-86C0-726E21ACEC9A}.Release|x86.ActiveCfg = Release|Win32
		{62DC0929-F3C2-427C-86C0-726E21ACEC9A}.Release|x86.Build.0 = Release|Win32
		{E87C2CB3-4E83-4470-8B70-6F16F4D6FA81}.Debug|x64.ActiveCfg = Debug|x64
		{E87C2CB3-4E83-4470-8B70-6F16F4D6FA81}.Debug|x64.Build.0 = Debug|x64
		{E87C2CB3-4E83-4470-8B70-6F16F4D6FA81}.Debug|x86.ActiveCfg = Debug|Win32
		{E87C2CB3-4E83-4470-8B70-6F16F4D6FA81}.Debug|x86.Build.0 = Debug|Win32
		{E87C2CB3-4E83-4470-8B70-6F16F4D6FA81}.Release|x64.ActiveCfg = Release|x64
		{E87C2CB3-4E83-4470-8B70-6F16F4D6FA81}.Release|x64.Build.0 = Release|x64
		{E87C2CB3-4E83-4470-8B70-6F16F4D6FA81}.Release|x86.ActiveCfg = Release|Win32
		{E87C2CB3-4E83-4470-8B70-6F16F4D6FA81}.Release|x86.Build.0 = Release|Win32
		{F106AB65-71D3-476A-A7A8-FC09288CB312}.Debug|x64.ActiveCfg = Debug|x64
		{F106AB65-71D3-476A-A7A8-FC09288CB312}.Debug|x64.Build.0 = Debug|x64
		{F106AB65-71D3-476A-A7A8-FC09288CB312}.Debug|x86.ActiveCfg = Debug|Win32
		{F106AB65-71D3-476A-A7A8-FC09288CB312}.Debug|x86.Build.0 = Debug|Win32
		{F106AB65-71D3-476A-A7A8-FC09288CB312}.Release|x64.ActiveCfg = Release|x64
		{F106AB65-71D3-476A-A7A8-FC09288CB312}.Release|x64.Build.0 = Release|x64
		{F106AB65-71D3-476A-A7A8-FC09288CB312}.Release|x86.ActiveCfg = Release|Win32
		{F106AB65-71D3-476A-A7A8-FC09288CB312}.Release|x86.Build.0 = Release|Win32
	EndGlobalSection
	GlobalSection(SolutionProperties) = preSolution
		HideSolutionNode = FALSE
	EndGlobalSection
	GlobalSection(ExtensibilityGlobals) = postSolution
		SolutionGuid = {65BD3120-A274-40BB-8C1B-238D02F5E6DC}
	EndGlobalSection
EndGlobal
