
Microsoft Visual Studio Solution File, Format Version 12.00
# Visual Studio Version 17
VisualStudioVersion = 17.12.35527.113
MinimumVisualStudioVersion = 10.0.40219.1
Project("{8BC9CEB8-8B4A-11D0-8D11-00A0C91BC942}") = "Section 1  - Essential concepts", "Data Structures & Algorithms.vcxproj", "{18840897-3088-4B26-90DA-08A9EAB175BE}"
EndProject
Project("{8BC9CEB8-8B4A-11D0-8D11-00A0C91BC942}") = "Recursion", "Recursion\Recursion.vcxproj", "{FD2F776F-816D-4C4D-B567-D233087127C6}"
EndProject
Project("{8BC9CEB8-8B4A-11D0-8D11-00A0C91BC942}") = "Arrays Representations", "Arrays Representations\Arrays Representations.vcxproj", "{43BDD909-B526-4AB9-AF69-27C722401BF7}"
EndProject
Project("{8BC9CEB8-8B4A-11D0-8D11-00A0C91BC942}") = "String", "String\String.vcxproj", "{53907C09-7D9F-40EF-BA29-319ECEFF14FD}"
EndProject
Project("{8BC9CEB8-8B4A-11D0-8D11-00A0C91BC942}") = "Linked_List", "Linked_List\Linked_List.vcxproj", "{01079E74-97CC-41C1-9898-9671BEF28F7D}"
EndProject
Project("{8BC9CEB8-8B4A-11D0-8D11-00A0C91BC942}") = "Stack", "Stack\Stack.vcxproj", "{75BF52BC-5998-4CF2-9201-41A4C418BE12}"
EndProject
Global
	GlobalSection(SolutionConfigurationPlatforms) = preSolution
		Debug|x64 = Debug|x64
		Debug|x86 = Debug|x86
		Release|x64 = Release|x64
		Release|x86 = Release|x86
	EndGlobalSection
	GlobalSection(ProjectConfigurationPlatforms) = postSolution
		{18840897-3088-4B26-90DA-08A9EAB175BE}.Debug|x64.ActiveCfg = Debug|x64
		{18840897-3088-4B26-90DA-08A9EAB175BE}.Debug|x64.Build.0 = Debug|x64
		{18840897-3088-4B26-90DA-08A9EAB175BE}.Debug|x86.ActiveCfg = Debug|Win32
		{18840897-3088-4B26-90DA-08A9EAB175BE}.Debug|x86.Build.0 = Debug|Win32
		{18840897-3088-4B26-90DA-08A9EAB175BE}.Release|x64.ActiveCfg = Release|x64
		{18840897-3088-4B26-90DA-08A9EAB175BE}.Release|x64.Build.0 = Release|x64
		{18840897-3088-4B26-90DA-08A9EAB175BE}.Release|x86.ActiveCfg = Release|Win32
		{18840897-3088-4B26-90DA-08A9EAB175BE}.Release|x86.Build.0 = Release|Win32
		{FD2F776F-816D-4C4D-B567-D233087127C6}.Debug|x64.ActiveCfg = Debug|x64
		{FD2F776F-816D-4C4D-B567-D233087127C6}.Debug|x64.Build.0 = Debug|x64
		{FD2F776F-816D-4C4D-B567-D233087127C6}.Debug|x86.ActiveCfg = Debug|Win32
		{FD2F776F-816D-4C4D-B567-D233087127C6}.Debug|x86.Build.0 = Debug|Win32
		{FD2F776F-816D-4C4D-B567-D233087127C6}.Release|x64.ActiveCfg = Release|x64
		{FD2F776F-816D-4C4D-B567-D233087127C6}.Release|x64.Build.0 = Release|x64
		{FD2F776F-816D-4C4D-B567-D233087127C6}.Release|x86.ActiveCfg = Release|Win32
		{FD2F776F-816D-4C4D-B567-D233087127C6}.Release|x86.Build.0 = Release|Win32
		{43BDD909-B526-4AB9-AF69-27C722401BF7}.Debug|x64.ActiveCfg = Debug|x64
		{43BDD909-B526-4AB9-AF69-27C722401BF7}.Debug|x64.Build.0 = Debug|x64
		{43BDD909-B526-4AB9-AF69-27C722401BF7}.Debug|x86.ActiveCfg = Debug|Win32
		{43BDD909-B526-4AB9-AF69-27C722401BF7}.Debug|x86.Build.0 = Debug|Win32
		{43BDD909-B526-4AB9-AF69-27C722401BF7}.Release|x64.ActiveCfg = Release|x64
		{43BDD909-B526-4AB9-AF69-27C722401BF7}.Release|x64.Build.0 = Release|x64
		{43BDD909-B526-4AB9-AF69-27C722401BF7}.Release|x86.ActiveCfg = Release|Win32
		{43BDD909-B526-4AB9-AF69-27C722401BF7}.Release|x86.Build.0 = Release|Win32
		{53907C09-7D9F-40EF-BA29-319ECEFF14FD}.Debug|x64.ActiveCfg = Debug|x64
		{53907C09-7D9F-40EF-BA29-319ECEFF14FD}.Debug|x64.Build.0 = Debug|x64
		{53907C09-7D9F-40EF-BA29-319ECEFF14FD}.Debug|x86.ActiveCfg = Debug|Win32
		{53907C09-7D9F-40EF-BA29-319ECEFF14FD}.Debug|x86.Build.0 = Debug|Win32
		{53907C09-7D9F-40EF-BA29-319ECEFF14FD}.Release|x64.ActiveCfg = Release|x64
		{53907C09-7D9F-40EF-BA29-319ECEFF14FD}.Release|x64.Build.0 = Release|x64
		{53907C09-7D9F-40EF-BA29-319ECEFF14FD}.Release|x86.ActiveCfg = Release|Win32
		{53907C09-7D9F-40EF-BA29-319ECEFF14FD}.Release|x86.Build.0 = Release|Win32
		{01079E74-97CC-41C1-9898-9671BEF28F7D}.Debug|x64.ActiveCfg = Debug|x64
		{01079E74-97CC-41C1-9898-9671BEF28F7D}.Debug|x64.Build.0 = Debug|x64
		{01079E74-97CC-41C1-9898-9671BEF28F7D}.Debug|x86.ActiveCfg = Debug|Win32
		{01079E74-97CC-41C1-9898-9671BEF28F7D}.Debug|x86.Build.0 = Debug|Win32
		{01079E74-97CC-41C1-9898-9671BEF28F7D}.Release|x64.ActiveCfg = Release|x64
		{01079E74-97CC-41C1-9898-9671BEF28F7D}.Release|x64.Build.0 = Release|x64
		{01079E74-97CC-41C1-9898-9671BEF28F7D}.Release|x86.ActiveCfg = Release|Win32
		{01079E74-97CC-41C1-9898-9671BEF28F7D}.Release|x86.Build.0 = Release|Win32
		{75BF52BC-5998-4CF2-9201-41A4C418BE12}.Debug|x64.ActiveCfg = Debug|x64
		{75BF52BC-5998-4CF2-9201-41A4C418BE12}.Debug|x64.Build.0 = Debug|x64
		{75BF52BC-5998-4CF2-9201-41A4C418BE12}.Debug|x86.ActiveCfg = Debug|Win32
		{75BF52BC-5998-4CF2-9201-41A4C418BE12}.Debug|x86.Build.0 = Debug|Win32
		{75BF52BC-5998-4CF2-9201-41A4C418BE12}.Release|x64.ActiveCfg = Release|x64
		{75BF52BC-5998-4CF2-9201-41A4C418BE12}.Release|x64.Build.0 = Release|x64
		{75BF52BC-5998-4CF2-9201-41A4C418BE12}.Release|x86.ActiveCfg = Release|Win32
		{75BF52BC-5998-4CF2-9201-41A4C418BE12}.Release|x86.Build.0 = Release|Win32
	EndGlobalSection
	GlobalSection(SolutionProperties) = preSolution
		HideSolutionNode = FALSE
	EndGlobalSection
EndGlobal
